
Microsoft Visual Studio Solution File, Format Version 12.00
# Visual Studio Version 17
VisualStudioVersion = 17.3.32929.385
MinimumVisualStudioVersion = 10.0.40219.1
Project("{FAE04EC0-301F-11D3-BF4B-00C04F79EFBC}") = "TreeAlgos", "TreeAlgos.csproj", "{B9FAF8DD-D91B-4E6C-B228-DAC832769E49}"
EndProject
Global
	GlobalSection(SolutionConfigurationPlatforms) = preSolution
		Debug|Any CPU = Debug|Any CPU
		Release|Any CPU = Release|Any CPU
	EndGlobalSection
	GlobalSection(ProjectConfigurationPlatforms) = postSolution
		{B9FAF8DD-D91B-4E6C-B228-DAC832769E49}.Debug|Any CPU.ActiveCfg = Debug|Any CPU
		{B9FAF8DD-D91B-4E6C-B228-DAC832769E49}.Debug|Any CPU.Build.0 = Debug|Any CPU
		{B9FAF8DD-D91B-4E6C-B228-DAC832769E49}.Release|Any CPU.ActiveCfg = Release|Any CPU
		{B9FAF8DD-D91B-4E6C-B228-DAC832769E49}.Release|Any CPU.Build.0 = Release|Any CPU
	EndGlobalSection
	GlobalSection(SolutionProperties) = preSolution
		HideSolutionNode = FALSE
	EndGlobalSection
	GlobalSection(ExtensibilityGlobals) = postSolution
		SolutionGuid = {CB7E63E5-BEB1-4E53-8A51-BFBD49871340}
	EndGlobalSection
EndGlobal
